
Microsoft Visual Studio Solution File, Format Version 12.00
# Visual Studio Version 17
VisualStudioVersion = 17.14.36301.6 d17.14
MinimumVisualStudioVersion = 10.0.40219.1
Project("{FAE04EC0-301F-11D3-BF4B-00C04F79EFBC}") = "ConsoleApp1", "ConsoleApp1\ConsoleApp1.csproj", "{CD8B326C-AA43-4354-B3E1-D8C0C9270999}"
EndProject
Global
	GlobalSection(SolutionConfigurationPlatforms) = preSolution
		Debug|Any CPU = Debug|Any CPU
		Release|Any CPU = Release|Any CPU
	EndGlobalSection
	GlobalSection(ProjectConfigurationPlatforms) = postSolution
		{CD8B326C-AA43-4354-B3E1-D8C0C9270999}.Debug|Any CPU.ActiveCfg = Debug|Any CPU
		{CD8B326C-AA43-4354-B3E1-D8C0C9270999}.Debug|Any CPU.Build.0 = Debug|Any CPU
		{CD8B326C-AA43-4354-B3E1-D8C0C9270999}.Release|Any CPU.ActiveCfg = Release|Any CPU
		{CD8B326C-AA43-4354-B3E1-D8C0C9270999}.Release|Any CPU.Build.0 = Release|Any CPU
	EndGlobalSection
	GlobalSection(SolutionProperties) = preSolution
		HideSolutionNode = FALSE
	EndGlobalSection
	GlobalSection(ExtensibilityGlobals) = postSolution
		SolutionGuid = {CE644F0D-E3FD-436A-B8EA-82D78717B1D2}
	EndGlobalSection
EndGlobal
